// !$*UTF8*$!
{
	archiveVersion = 1;
	classes = {
	};
	objectVersion = 77;
	objects = {

/* Begin PBXBuildFile section */
		CD0000000000000000000012 /* ConfigDirector in Frameworks */ = {isa = PBXBuildFile; productRef = CD0000000000000000000011 /* ConfigDirector */; };
		CD0000000000000000000023 /* ConfigDirector in Frameworks */ = {isa = PBXBuildFile; productRef = CD0000000000000000000022 /* ConfigDirector */; };
		CD000000000000000000002E /* ConfigDirector in Frameworks */ = {isa = PBXBuildFile; productRef = CD000000000000000000002D /* ConfigDirector */; };
		CD0000000000000000000039 /* ConfigDirector in Frameworks */ = {isa = PBXBuildFile; productRef = CD0000000000000000000038 /* ConfigDirector */; };
/* End PBXBuildFile section */

/* Begin PBXFileReference section */
		CD0000000000000000000005 /* ConfigDirectorSample.app */ = {isa = PBXFileReference; explicitFileType = wrapper.application; includeInIndex = 0; path = ConfigDirectorSample.app; sourceTree = BUILT_PRODUCTS_DIR; };
		CD0000000000000000000013 /* Config.xcconfig */ = {isa = PBXFileReference; lastKnownFileType = text.xcconfig; path = Config.xcconfig; sourceTree = "<group>"; };
		CD0000000000000000000014 /* Config.local.example.xcconfig */ = {isa = PBXFileReference; lastKnownFileType = text.xcconfig; path = Config.local.example.xcconfig; sourceTree = "<group>"; };
		CD0000000000000000000015 /* Info.plist */ = {isa = PBXFileReference; lastKnownFileType = text.plist.xml; path = Info.plist; sourceTree = "<group>"; };
		CD0000000000000000000016 /* README.md */ = {isa = PBXFileReference; lastKnownFileType = net.daringfireball.markdown; path = README.md; sourceTree = "<group>"; };
		CD0000000000000000000018 /* ConfigDirectorSampleWatch.app */ = {isa = PBXFileReference; explicitFileType = wrapper.application; includeInIndex = 0; path = ConfigDirectorSampleWatch.app; sourceTree = BUILT_PRODUCTS_DIR; };
		CD0000000000000000000024 /* ConfigDirectorSampleMac.app */ = {isa = PBXFileReference; explicitFileType = wrapper.application; includeInIndex = 0; path = ConfigDirectorSampleMac.app; sourceTree = BUILT_PRODUCTS_DIR; };
		CD000000000000000000002F /* ConfigDirectorSampleTV.app */ = {isa = PBXFileReference; explicitFileType = wrapper.application; includeInIndex = 0; path = ConfigDirectorSampleTV.app; sourceTree = BUILT_PRODUCTS_DIR; };
/* End PBXFileReference section */

/* Begin PBXFileSystemSynchronizedRootGroup section */
		CD0000000000000000000004 /* ConfigDirectorSample */ = {
			isa = PBXFileSystemSynchronizedRootGroup;
			path = ConfigDirectorSample;
			sourceTree = "<group>";
		};
		CD0000000000000000000019 /* ConfigDirectorSampleWatch */ = {
			isa = PBXFileSystemSynchronizedRootGroup;
			path = ConfigDirectorSampleWatch;
			sourceTree = "<group>";
		};
		CD0000000000000000000025 /* ConfigDirectorSampleMac */ = {
			isa = PBXFileSystemSynchronizedRootGroup;
			path = ConfigDirectorSampleMac;
			sourceTree = "<group>";
		};
		CD0000000000000000000030 /* ConfigDirectorSampleTV */ = {
			isa = PBXFileSystemSynchronizedRootGroup;
			path = ConfigDirectorSampleTV;
			sourceTree = "<group>";
		};
		CD000000000000000000001A /* Shared */ = {
			isa = PBXFileSystemSynchronizedRootGroup;
			path = Shared;
			sourceTree = "<group>";
		};
/* End PBXFileSystemSynchronizedRootGroup section */

/* Begin PBXFrameworksBuildPhase section */
		CD0000000000000000000008 /* Frameworks */ = {
			isa = PBXFrameworksBuildPhase;
			buildActionMask = 2147483647;
			files = (
				CD0000000000000000000012 /* ConfigDirector in Frameworks */,
			);
			runOnlyForDeploymentPostprocessing = 0;
		};
		CD000000000000000000001D /* Frameworks */ = {
			isa = PBXFrameworksBuildPhase;
			buildActionMask = 2147483647;
			files = (
				CD0000000000000000000023 /* ConfigDirector in Frameworks */,
			);
			runOnlyForDeploymentPostprocessing = 0;
		};
		CD0000000000000000000028 /* Frameworks */ = {
			isa = PBXFrameworksBuildPhase;
			buildActionMask = 2147483647;
			files = (
				CD000000000000000000002E /* ConfigDirector in Frameworks */,
			);
			runOnlyForDeploymentPostprocessing = 0;
		};
		CD0000000000000000000033 /* Frameworks */ = {
			isa = PBXFrameworksBuildPhase;
			buildActionMask = 2147483647;
			files = (
				CD0000000000000000000039 /* ConfigDirector in Frameworks */,
			);
			runOnlyForDeploymentPostprocessing = 0;
		};
/* End PBXFrameworksBuildPhase section */

/* Begin PBXGroup section */
		CD0000000000000000000002 = {
			isa = PBXGroup;
			children = (
				CD0000000000000000000004 /* ConfigDirectorSample */,
				CD0000000000000000000019 /* ConfigDirectorSampleWatch */,
				CD0000000000000000000025 /* ConfigDirectorSampleMac */,
				CD0000000000000000000030 /* ConfigDirectorSampleTV */,
				CD000000000000000000001A /* Shared */,
				CD0000000000000000000017 /* Supporting Files */,
				CD0000000000000000000003 /* Products */,
			);
			sourceTree = "<group>";
		};
		CD0000000000000000000003 /* Products */ = {
			isa = PBXGroup;
			children = (
				CD0000000000000000000005 /* ConfigDirectorSample.app */,
				CD0000000000000000000018 /* ConfigDirectorSampleWatch.app */,
				CD0000000000000000000024 /* ConfigDirectorSampleMac.app */,
				CD000000000000000000002F /* ConfigDirectorSampleTV.app */,
			);
			name = Products;
			sourceTree = "<group>";
		};
		CD0000000000000000000017 /* Supporting Files */ = {
			isa = PBXGroup;
			children = (
				CD0000000000000000000013 /* Config.xcconfig */,
				CD0000000000000000000014 /* Config.local.example.xcconfig */,
				CD0000000000000000000015 /* Info.plist */,
				CD0000000000000000000016 /* README.md */,
			);
			name = "Supporting Files";
			sourceTree = "<group>";
		};
/* End PBXGroup section */

/* Begin PBXNativeTarget section */
		CD0000000000000000000006 /* ConfigDirectorSample */ = {
			isa = PBXNativeTarget;
			buildConfigurationList = CD000000000000000000000B /* Build configuration list for PBXNativeTarget "ConfigDirectorSample" */;
			buildPhases = (
				CD0000000000000000000007 /* Sources */,
				CD0000000000000000000008 /* Frameworks */,
				CD0000000000000000000009 /* Resources */,
			);
			buildRules = (
			);
			dependencies = (
			);
			fileSystemSynchronizedGroups = (
				CD0000000000000000000004 /* ConfigDirectorSample */,
				CD000000000000000000001A /* Shared */,
			);
			name = ConfigDirectorSample;
			packageProductDependencies = (
				CD0000000000000000000011 /* ConfigDirector */,
			);
			productName = ConfigDirectorSample;
			productReference = CD0000000000000000000005 /* ConfigDirectorSample.app */;
			productType = "com.apple.product-type.application";
		};
		CD000000000000000000001B /* ConfigDirectorSampleWatch */ = {
			isa = PBXNativeTarget;
			buildConfigurationList = CD000000000000000000001F /* Build configuration list for PBXNativeTarget "ConfigDirectorSampleWatch" */;
			buildPhases = (
				CD000000000000000000001C /* Sources */,
				CD000000000000000000001D /* Frameworks */,
				CD000000000000000000001E /* Resources */,
			);
			buildRules = (
			);
			dependencies = (
			);
			fileSystemSynchronizedGroups = (
				CD0000000000000000000019 /* ConfigDirectorSampleWatch */,
				CD000000000000000000001A /* Shared */,
			);
			name = ConfigDirectorSampleWatch;
			packageProductDependencies = (
				CD0000000000000000000022 /* ConfigDirector */,
			);
			productName = ConfigDirectorSampleWatch;
			productReference = CD0000000000000000000018 /* ConfigDirectorSampleWatch.app */;
			productType = "com.apple.product-type.application";
		};
		CD0000000000000000000026 /* ConfigDirectorSampleMac */ = {
			isa = PBXNativeTarget;
			buildConfigurationList = CD000000000000000000002A /* Build configuration list for PBXNativeTarget "ConfigDirectorSampleMac" */;
			buildPhases = (
				CD0000000000000000000027 /* Sources */,
				CD0000000000000000000028 /* Frameworks */,
				CD0000000000000000000029 /* Resources */,
			);
			buildRules = (
			);
			dependencies = (
			);
			fileSystemSynchronizedGroups = (
				CD0000000000000000000025 /* ConfigDirectorSampleMac */,
				CD000000000000000000001A /* Shared */,
			);
			name = ConfigDirectorSampleMac;
			packageProductDependencies = (
				CD000000000000000000002D /* ConfigDirector */,
			);
			productName = ConfigDirectorSampleMac;
			productReference = CD0000000000000000000024 /* ConfigDirectorSampleMac.app */;
			productType = "com.apple.product-type.application";
		};
		CD0000000000000000000031 /* ConfigDirectorSampleTV */ = {
			isa = PBXNativeTarget;
			buildConfigurationList = CD0000000000000000000035 /* Build configuration list for PBXNativeTarget "ConfigDirectorSampleTV" */;
			buildPhases = (
				CD0000000000000000000032 /* Sources */,
				CD0000000000000000000033 /* Frameworks */,
				CD0000000000000000000034 /* Resources */,
			);
			buildRules = (
			);
			dependencies = (
			);
			fileSystemSynchronizedGroups = (
				CD0000000000000000000030 /* ConfigDirectorSampleTV */,
				CD000000000000000000001A /* Shared */,
			);
			name = ConfigDirectorSampleTV;
			packageProductDependencies = (
				CD0000000000000000000038 /* ConfigDirector */,
			);
			productName = ConfigDirectorSampleTV;
			productReference = CD000000000000000000002F /* ConfigDirectorSampleTV.app */;
			productType = "com.apple.product-type.application";
		};
/* End PBXNativeTarget section */

/* Begin PBXProject section */
		CD0000000000000000000001 /* Project object */ = {
			isa = PBXProject;
			attributes = {
				BuildIndependentTargetsInParallel = 1;
				LastSwiftUpdateCheck = 2660;
				LastUpgradeCheck = 2660;
				TargetAttributes = {
					CD0000000000000000000006 = {
						CreatedOnToolsVersion = 26.0;
					};
					CD000000000000000000001B = {
						CreatedOnToolsVersion = 26.0;
					};
					CD0000000000000000000026 = {
						CreatedOnToolsVersion = 26.0;
					};
					CD0000000000000000000031 = {
						CreatedOnToolsVersion = 26.0;
					};
				};
			};
			buildConfigurationList = CD000000000000000000000A /* Build configuration list for PBXProject "ConfigDirectorSample" */;
			developmentRegion = en;
			hasScannedForEncodings = 0;
			knownRegions = (
				en,
				Base,
			);
			mainGroup = CD0000000000000000000002;
			minimizedProjectReferenceProxies = 1;
			packageReferences = (
				CD0000000000000000000010 /* XCRemoteSwiftPackageReference "swift-sdk" */,
			);
			preferredProjectObjectVersion = 77;
			productRefGroup = CD0000000000000000000003 /* Products */;
			projectDirPath = "";
			projectRoot = "";
			targets = (
				CD0000000000000000000006 /* ConfigDirectorSample */,
				CD000000000000000000001B /* ConfigDirectorSampleWatch */,
				CD0000000000000000000026 /* ConfigDirectorSampleMac */,
				CD0000000000000000000031 /* ConfigDirectorSampleTV */,
			);
		};
/* End PBXProject section */

/* Begin PBXResourcesBuildPhase section */
		CD0000000000000000000009 /* Resources */ = {
			isa = PBXResourcesBuildPhase;
			buildActionMask = 2147483647;
			files = (
			);
			runOnlyForDeploymentPostprocessing = 0;
		};
		CD000000000000000000001E /* Resources */ = {
			isa = PBXResourcesBuildPhase;
			buildActionMask = 2147483647;
			files = (
			);
			runOnlyForDeploymentPostprocessing = 0;
		};
		CD0000000000000000000029 /* Resources */ = {
			isa = PBXResourcesBuildPhase;
			buildActionMask = 2147483647;
			files = (
			);
			runOnlyForDeploymentPostprocessing = 0;
		};
		CD0000000000000000000034 /* Resources */ = {
			isa = PBXResourcesBuildPhase;
			buildActionMask = 2147483647;
			files = (
			);
			runOnlyForDeploymentPostprocessing = 0;
		};
/* End PBXResourcesBuildPhase section */

/* Begin PBXSourcesBuildPhase section */
		CD0000000000000000000007 /* Sources */ = {
			isa = PBXSourcesBuildPhase;
			buildActionMask = 2147483647;
			files = (
			);
			runOnlyForDeploymentPostprocessing = 0;
		};
		CD000000000000000000001C /* Sources */ = {
			isa = PBXSourcesBuildPhase;
			buildActionMask = 2147483647;
			files = (
			);
			runOnlyForDeploymentPostprocessing = 0;
		};
		CD0000000000000000000027 /* Sources */ = {
			isa = PBXSourcesBuildPhase;
			buildActionMask = 2147483647;
			files = (
			);
			runOnlyForDeploymentPostprocessing = 0;
		};
		CD0000000000000000000032 /* Sources */ = {
			isa = PBXSourcesBuildPhase;
			buildActionMask = 2147483647;
			files = (
			);
			runOnlyForDeploymentPostprocessing = 0;
		};
/* End PBXSourcesBuildPhase section */

/* Begin XCBuildConfiguration section */
		CD000000000000000000000C /* Debug */ = {
			isa = XCBuildConfiguration;
			baseConfigurationReference = CD0000000000000000000013 /* Config.xcconfig */;
			buildSettings = {
				CLANG_ENABLE_MODULES = YES;
				CLANG_ENABLE_OBJC_ARC = YES;
				COPY_PHASE_STRIP = NO;
				DEBUG_INFORMATION_FORMAT = dwarf;
				ENABLE_STRICT_OBJC_MSGSEND = YES;
				ENABLE_TESTABILITY = YES;
				GCC_NO_COMMON_BLOCKS = YES;
				GCC_OPTIMIZATION_LEVEL = 0;
				IPHONEOS_DEPLOYMENT_TARGET = 15.0;
				MTL_ENABLE_DEBUG_INFO = INCLUDE_SOURCE;
				MTL_FAST_MATH = YES;
				ONLY_ACTIVE_ARCH = YES;
				SDKROOT = iphoneos;
				SWIFT_ACTIVE_COMPILATION_CONDITIONS = "DEBUG $(inherited)";
				SWIFT_OPTIMIZATION_LEVEL = "-Onone";
				SWIFT_VERSION = 6.0;
			};
			name = Debug;
		};
		CD000000000000000000000D /* Release */ = {
			isa = XCBuildConfiguration;
			baseConfigurationReference = CD0000000000000000000013 /* Config.xcconfig */;
			buildSettings = {
				CLANG_ENABLE_MODULES = YES;
				CLANG_ENABLE_OBJC_ARC = YES;
				COPY_PHASE_STRIP = NO;
				DEBUG_INFORMATION_FORMAT = "dwarf-with-dsym";
				ENABLE_NS_ASSERTIONS = NO;
				ENABLE_STRICT_OBJC_MSGSEND = YES;
				GCC_NO_COMMON_BLOCKS = YES;
				IPHONEOS_DEPLOYMENT_TARGET = 15.0;
				MTL_ENABLE_DEBUG_INFO = NO;
				MTL_FAST_MATH = YES;
				SDKROOT = iphoneos;
				SWIFT_COMPILATION_MODE = wholemodule;
				SWIFT_VERSION = 6.0;
				VALIDATE_PRODUCT = YES;
			};
			name = Release;
		};
		CD000000000000000000000E /* Debug */ = {
			isa = XCBuildConfiguration;
			buildSettings = {
				ASSETCATALOG_COMPILER_GENERATE_ASSET_SYMBOLS = NO;
				CODE_SIGN_STYLE = Automatic;
				CURRENT_PROJECT_VERSION = 1;
				ENABLE_PREVIEWS = YES;
				GENERATE_INFOPLIST_FILE = YES;
				INFOPLIST_FILE = Info.plist;
				INFOPLIST_KEY_CFBundleDisplayName = "ConfigDirector Sample";
				INFOPLIST_KEY_UIApplicationSceneManifest_Generation = YES;
				INFOPLIST_KEY_UILaunchScreen_Generation = YES;
				INFOPLIST_KEY_UISupportedInterfaceOrientations_iPad = "UIInterfaceOrientationPortrait UIInterfaceOrientationPortraitUpsideDown UIInterfaceOrientationLandscapeLeft UIInterfaceOrientationLandscapeRight";
				INFOPLIST_KEY_UISupportedInterfaceOrientations_iPhone = "UIInterfaceOrientationPortrait UIInterfaceOrientationLandscapeLeft UIInterfaceOrientationLandscapeRight";
				LD_RUNPATH_SEARCH_PATHS = (
					"$(inherited)",
					"@executable_path/Frameworks",
				);
				MARKETING_VERSION = 1.0;
				PRODUCT_BUNDLE_IDENTIFIER = com.configdirector.sample;
				PRODUCT_NAME = "$(TARGET_NAME)";
				SWIFT_EMIT_LOC_STRINGS = YES;
				TARGETED_DEVICE_FAMILY = "1,2";
			};
			name = Debug;
		};
		CD000000000000000000000F /* Release */ = {
			isa = XCBuildConfiguration;
			buildSettings = {
				ASSETCATALOG_COMPILER_GENERATE_ASSET_SYMBOLS = NO;
				CODE_SIGN_STYLE = Automatic;
				CURRENT_PROJECT_VERSION = 1;
				ENABLE_PREVIEWS = YES;
				GENERATE_INFOPLIST_FILE = YES;
				INFOPLIST_FILE = Info.plist;
				INFOPLIST_KEY_CFBundleDisplayName = "ConfigDirector Sample";
				INFOPLIST_KEY_UIApplicationSceneManifest_Generation = YES;
				INFOPLIST_KEY_UILaunchScreen_Generation = YES;
				INFOPLIST_KEY_UISupportedInterfaceOrientations_iPad = "UIInterfaceOrientationPortrait UIInterfaceOrientationPortraitUpsideDown UIInterfaceOrientationLandscapeLeft UIInterfaceOrientationLandscapeRight";
				INFOPLIST_KEY_UISupportedInterfaceOrientations_iPhone = "UIInterfaceOrientationPortrait UIInterfaceOrientationLandscapeLeft UIInterfaceOrientationLandscapeRight";
				LD_RUNPATH_SEARCH_PATHS = (
					"$(inherited)",
					"@executable_path/Frameworks",
				);
				MARKETING_VERSION = 1.0;
				PRODUCT_BUNDLE_IDENTIFIER = com.configdirector.sample;
				PRODUCT_NAME = "$(TARGET_NAME)";
				SWIFT_EMIT_LOC_STRINGS = YES;
				TARGETED_DEVICE_FAMILY = "1,2";
			};
			name = Release;
		};
		CD0000000000000000000020 /* Debug */ = {
			isa = XCBuildConfiguration;
			buildSettings = {
				ASSETCATALOG_COMPILER_GENERATE_ASSET_SYMBOLS = NO;
				CODE_SIGN_STYLE = Automatic;
				CURRENT_PROJECT_VERSION = 1;
				ENABLE_PREVIEWS = YES;
				GENERATE_INFOPLIST_FILE = YES;
				INFOPLIST_FILE = Info.plist;
				INFOPLIST_KEY_CFBundleDisplayName = ConfigDirector;
				INFOPLIST_KEY_WKApplication = YES;
				INFOPLIST_KEY_WKWatchOnly = YES;
				LD_RUNPATH_SEARCH_PATHS = (
					"$(inherited)",
					"@executable_path/Frameworks",
				);
				MARKETING_VERSION = 1.0;
				PRODUCT_BUNDLE_IDENTIFIER = com.configdirector.sample.watch;
				PRODUCT_NAME = "$(TARGET_NAME)";
				SDKROOT = watchos;
				SUPPORTED_PLATFORMS = "watchos watchsimulator";
				SWIFT_EMIT_LOC_STRINGS = YES;
				TARGETED_DEVICE_FAMILY = 4;
				WATCHOS_DEPLOYMENT_TARGET = 8.0;
			};
			name = Debug;
		};
		CD0000000000000000000021 /* Release */ = {
			isa = XCBuildConfiguration;
			buildSettings = {
				ASSETCATALOG_COMPILER_GENERATE_ASSET_SYMBOLS = NO;
				CODE_SIGN_STYLE = Automatic;
				CURRENT_PROJECT_VERSION = 1;
				ENABLE_PREVIEWS = YES;
				GENERATE_INFOPLIST_FILE = YES;
				INFOPLIST_FILE = Info.plist;
				INFOPLIST_KEY_CFBundleDisplayName = ConfigDirector;
				INFOPLIST_KEY_WKApplication = YES;
				INFOPLIST_KEY_WKWatchOnly = YES;
				LD_RUNPATH_SEARCH_PATHS = (
					"$(inherited)",
					"@executable_path/Frameworks",
				);
				MARKETING_VERSION = 1.0;
				PRODUCT_BUNDLE_IDENTIFIER = com.configdirector.sample.watch;
				PRODUCT_NAME = "$(TARGET_NAME)";
				SDKROOT = watchos;
				SUPPORTED_PLATFORMS = "watchos watchsimulator";
				SWIFT_EMIT_LOC_STRINGS = YES;
				TARGETED_DEVICE_FAMILY = 4;
				WATCHOS_DEPLOYMENT_TARGET = 8.0;
			};
			name = Release;
		};
		CD000000000000000000002B /* Debug */ = {
			isa = XCBuildConfiguration;
			buildSettings = {
				ASSETCATALOG_COMPILER_GENERATE_ASSET_SYMBOLS = NO;
				CODE_SIGN_IDENTITY = "-";
				CODE_SIGN_STYLE = Automatic;
				CURRENT_PROJECT_VERSION = 1;
				ENABLE_APP_SANDBOX = YES;
				ENABLE_HARDENED_RUNTIME = YES;
				ENABLE_OUTGOING_NETWORK_CONNECTIONS = YES;
				ENABLE_PREVIEWS = YES;
				GENERATE_INFOPLIST_FILE = YES;
				INFOPLIST_FILE = Info.plist;
				INFOPLIST_KEY_CFBundleDisplayName = "ConfigDirector Sample";
				LD_RUNPATH_SEARCH_PATHS = (
					"$(inherited)",
					"@executable_path/../Frameworks",
				);
				MACOSX_DEPLOYMENT_TARGET = 12.0;
				MARKETING_VERSION = 1.0;
				PRODUCT_BUNDLE_IDENTIFIER = com.configdirector.sample.mac;
				PRODUCT_NAME = "$(TARGET_NAME)";
				SDKROOT = macosx;
				SUPPORTED_PLATFORMS = macosx;
				SWIFT_EMIT_LOC_STRINGS = YES;
			};
			name = Debug;
		};
		CD000000000000000000002C /* Release */ = {
			isa = XCBuildConfiguration;
			buildSettings = {
				ASSETCATALOG_COMPILER_GENERATE_ASSET_SYMBOLS = NO;
				CODE_SIGN_IDENTITY = "-";
				CODE_SIGN_STYLE = Automatic;
				CURRENT_PROJECT_VERSION = 1;
				ENABLE_APP_SANDBOX = YES;
				ENABLE_HARDENED_RUNTIME = YES;
				ENABLE_OUTGOING_NETWORK_CONNECTIONS = YES;
				ENABLE_PREVIEWS = YES;
				GENERATE_INFOPLIST_FILE = YES;
				INFOPLIST_FILE = Info.plist;
				INFOPLIST_KEY_CFBundleDisplayName = "ConfigDirector Sample";
				LD_RUNPATH_SEARCH_PATHS = (
					"$(inherited)",
					"@executable_path/../Frameworks",
				);
				MACOSX_DEPLOYMENT_TARGET = 12.0;
				MARKETING_VERSION = 1.0;
				PRODUCT_BUNDLE_IDENTIFIER = com.configdirector.sample.mac;
				PRODUCT_NAME = "$(TARGET_NAME)";
				SDKROOT = macosx;
				SUPPORTED_PLATFORMS = macosx;
				SWIFT_EMIT_LOC_STRINGS = YES;
			};
			name = Release;
		};
		CD0000000000000000000036 /* Debug */ = {
			isa = XCBuildConfiguration;
			buildSettings = {
				ASSETCATALOG_COMPILER_GENERATE_ASSET_SYMBOLS = NO;
				CODE_SIGN_STYLE = Automatic;
				CURRENT_PROJECT_VERSION = 1;
				ENABLE_PREVIEWS = YES;
				GENERATE_INFOPLIST_FILE = YES;
				INFOPLIST_FILE = Info.plist;
				INFOPLIST_KEY_CFBundleDisplayName = "ConfigDirector Sample";
				LD_RUNPATH_SEARCH_PATHS = (
					"$(inherited)",
					"@executable_path/Frameworks",
				);
				MARKETING_VERSION = 1.0;
				PRODUCT_BUNDLE_IDENTIFIER = com.configdirector.sample.tv;
				PRODUCT_NAME = "$(TARGET_NAME)";
				SDKROOT = appletvos;
				SUPPORTED_PLATFORMS = "appletvos appletvsimulator";
				SWIFT_EMIT_LOC_STRINGS = YES;
				TARGETED_DEVICE_FAMILY = 3;
				TVOS_DEPLOYMENT_TARGET = 15.0;
			};
			name = Debug;
		};
		CD0000000000000000000037 /* Release */ = {
			isa = XCBuildConfiguration;
			buildSettings = {
				ASSETCATALOG_COMPILER_GENERATE_ASSET_SYMBOLS = NO;
				CODE_SIGN_STYLE = Automatic;
				CURRENT_PROJECT_VERSION = 1;
				ENABLE_PREVIEWS = YES;
				GENERATE_INFOPLIST_FILE = YES;
				INFOPLIST_FILE = Info.plist;
				INFOPLIST_KEY_CFBundleDisplayName = "ConfigDirector Sample";
				LD_RUNPATH_SEARCH_PATHS = (
					"$(inherited)",
					"@executable_path/Frameworks",
				);
				MARKETING_VERSION = 1.0;
				PRODUCT_BUNDLE_IDENTIFIER = com.configdirector.sample.tv;
				PRODUCT_NAME = "$(TARGET_NAME)";
				SDKROOT = appletvos;
				SUPPORTED_PLATFORMS = "appletvos appletvsimulator";
				SWIFT_EMIT_LOC_STRINGS = YES;
				TARGETED_DEVICE_FAMILY = 3;
				TVOS_DEPLOYMENT_TARGET = 15.0;
			};
			name = Release;
		};
/* End XCBuildConfiguration section */

/* Begin XCConfigurationList section */
		CD000000000000000000000A /* Build configuration list for PBXProject "ConfigDirectorSample" */ = {
			isa = XCConfigurationList;
			buildConfigurations = (
				CD000000000000000000000C /* Debug */,
				CD000000000000000000000D /* Release */,
			);
			defaultConfigurationIsVisible = 0;
			defaultConfigurationName = Release;
		};
		CD000000000000000000000B /* Build configuration list for PBXNativeTarget "ConfigDirectorSample" */ = {
			isa = XCConfigurationList;
			buildConfigurations = (
				CD000000000000000000000E /* Debug */,
				CD000000000000000000000F /* Release */,
			);
			defaultConfigurationIsVisible = 0;
			defaultConfigurationName = Release;
		};
		CD000000000000000000001F /* Build configuration list for PBXNativeTarget "ConfigDirectorSampleWatch" */ = {
			isa = XCConfigurationList;
			buildConfigurations = (
				CD0000000000000000000020 /* Debug */,
				CD0000000000000000000021 /* Release */,
			);
			defaultConfigurationIsVisible = 0;
			defaultConfigurationName = Release;
		};
		CD000000000000000000002A /* Build configuration list for PBXNativeTarget "ConfigDirectorSampleMac" */ = {
			isa = XCConfigurationList;
			buildConfigurations = (
				CD000000000000000000002B /* Debug */,
				CD000000000000000000002C /* Release */,
			);
			defaultConfigurationIsVisible = 0;
			defaultConfigurationName = Release;
		};
		CD0000000000000000000035 /* Build configuration list for PBXNativeTarget "ConfigDirectorSampleTV" */ = {
			isa = XCConfigurationList;
			buildConfigurations = (
				CD0000000000000000000036 /* Debug */,
				CD0000000000000000000037 /* Release */,
			);
			defaultConfigurationIsVisible = 0;
			defaultConfigurationName = Release;
		};
/* End XCConfigurationList section */

/* Begin XCRemoteSwiftPackageReference section */
		CD0000000000000000000010 /* XCRemoteSwiftPackageReference "swift-sdk" */ = {
			isa = XCRemoteSwiftPackageReference;
			repositoryURL = "https://github.com/ConfigDirector/swift-sdk.git";
			requirement = {
				kind = upToNextMajorVersion;
				minimumVersion = 1.0.0;
			};
		};
/* End XCRemoteSwiftPackageReference section */

/* Begin XCSwiftPackageProductDependency section */
		CD0000000000000000000011 /* ConfigDirector */ = {
			isa = XCSwiftPackageProductDependency;
			package = CD0000000000000000000010 /* XCRemoteSwiftPackageReference "swift-sdk" */;
			productName = ConfigDirector;
		};
		CD0000000000000000000022 /* ConfigDirector */ = {
			isa = XCSwiftPackageProductDependency;
			package = CD0000000000000000000010 /* XCRemoteSwiftPackageReference "swift-sdk" */;
			productName = ConfigDirector;
		};
		CD000000000000000000002D /* ConfigDirector */ = {
			isa = XCSwiftPackageProductDependency;
			package = CD0000000000000000000010 /* XCRemoteSwiftPackageReference "swift-sdk" */;
			productName = ConfigDirector;
		};
		CD0000000000000000000038 /* ConfigDirector */ = {
			isa = XCSwiftPackageProductDependency;
			package = CD0000000000000000000010 /* XCRemoteSwiftPackageReference "swift-sdk" */;
			productName = ConfigDirector;
		};
/* End XCSwiftPackageProductDependency section */
	};
	rootObject = CD0000000000000000000001 /* Project object */;
}
